
Microsoft Visual Studio Solution File, Format Version 12.00
# Visual Studio Version 16
VisualStudioVersion = 16.0.32510.428
MinimumVisualStudioVersion = 10.0.40219.1
Project("{FAE04EC0-301F-11D3-BF4B-00C04F79EFBC}") = "BetterRaList", "BetterRaList\BetterRaList.csproj", "{63EF640B-1AE7-413C-AD1D-96267F18E5D6}"
EndProject
Global
	GlobalSection(SolutionConfigurationPlatforms) = preSolution
		Debug|Any CPU = Debug|Any CPU
		Release|Any CPU = Release|Any CPU
	EndGlobalSection
	GlobalSection(ProjectConfigurationPlatforms) = postSolution
		{63EF640B-1AE7-413C-AD1D-96267F18E5D6}.Debug|Any CPU.ActiveCfg = Debug|Any CPU
		{63EF640B-1AE7-413C-AD1D-96267F18E5D6}.Debug|Any CPU.Build.0 = Debug|Any CPU
		{63EF640B-1AE7-413C-AD1D-96267F18E5D6}.Release|Any CPU.ActiveCfg = Release|Any CPU
		{63EF640B-1AE7-413C-AD1D-96267F18E5D6}.Release|Any CPU.Build.0 = Release|Any CPU
	EndGlobalSection
	GlobalSection(SolutionProperties) = preSolution
		HideSolutionNode = FALSE
	EndGlobalSection
	GlobalSection(ExtensibilityGlobals) = postSolution
		SolutionGuid = {6875BE74-1747-4A9A-BBF5-8131624B7664}
	EndGlobalSection
EndGlobal
